
Microsoft Visual Studio Solution File, Format Version 12.00
# Visual Studio 15
VisualStudioVersion = 15.0.27428.2037
MinimumVisualStudioVersion = 10.0.40219.1
Project("{FAE04EC0-301F-11D3-BF4B-00C04F79EFBC}") = "ReaderDocument", "ReaderDocument\ReaderDocument.csproj", "{4AAD1988-E954-4141-8E1F-BAE08522AA79}"
EndProject
Global
	GlobalSection(SolutionConfigurationPlatforms) = preSolution
		Debug|Any CPU = Debug|Any CPU
		Release|Any CPU = Release|Any CPU
	EndGlobalSection
	GlobalSection(ProjectConfigurationPlatforms) = postSolution
		{4AAD1988-E954-4141-8E1F-BAE08522AA79}.Debug|Any CPU.ActiveCfg = Debug|Any CPU
		{4AAD1988-E954-4141-8E1F-BAE08522AA79}.Debug|Any CPU.Build.0 = Debug|Any CPU
		{4AAD1988-E954-4141-8E1F-BAE08522AA79}.Release|Any CPU.ActiveCfg = Release|Any CPU
		{4AAD1988-E954-4141-8E1F-BAE08522AA79}.Release|Any CPU.Build.0 = Release|Any CPU
	EndGlobalSection
	GlobalSection(SolutionProperties) = preSolution
		HideSolutionNode = FALSE
	EndGlobalSection
	GlobalSection(ExtensibilityGlobals) = postSolution
		SolutionGuid = {D9421C8C-53BE-4BBE-933A-8AF155AB5783}
	EndGlobalSection
EndGlobal
